
Microsoft Visual Studio Solution File, Format Version 12.00
# Visual Studio 2017
Project("{FAE04EC0-301F-11D3-BF4B-00C04F79EFBC}") = "3DHM-proj-Csharp.Plugins", "3DHM-proj-Csharp.Plugins.csproj", "{B7DC01D2-AF77-38C5-77CA-65F4DB436A2F}"
EndProject
Project("{FAE04EC0-301F-11D3-BF4B-00C04F79EFBC}") = "3DHM-proj-Csharp", "3DHM-proj-Csharp.csproj", "{55DABE7F-4DBE-E5E1-2426-B01E843C25E8}"
EndProject
Project("{FAE04EC0-301F-11D3-BF4B-00C04F79EFBC}") = "3DHM-proj-Csharp.Editor.Plugins", "3DHM-proj-Csharp.Editor.Plugins.csproj", "{BD4B0F66-B565-3529-6BEA-DB847926986F}"
EndProject
Project("{FAE04EC0-301F-11D3-BF4B-00C04F79EFBC}") = "3DHM-proj-Csharp.Editor", "3DHM-proj-Csharp.Editor.csproj", "{90116958-DDD8-B03F-48D1-886FBDD2705D}"
EndProject
Project("{FAE04EC0-301F-11D3-BF4B-00C04F79EFBC}") = "3DHM-proj-Csharp.Editor", "3DHM-proj-Csharp.Editor.csproj", "{90116958-DDD8-B03F-48D1-886FBDD2705D}"
EndProject
Global
	GlobalSection(SolutionConfigurationPlatforms) = preSolution
		Debug|Any CPU = Debug|Any CPU
		Release|Any CPU = Release|Any CPU
	EndGlobalSection
	GlobalSection(ProjectConfigurationPlatforms) = postSolution
		{B7DC01D2-AF77-38C5-77CA-65F4DB436A2F}.Debug|Any CPU.ActiveCfg = Debug|Any CPU
		{B7DC01D2-AF77-38C5-77CA-65F4DB436A2F}.Debug|Any CPU.Build.0 = Debug|Any CPU
		{B7DC01D2-AF77-38C5-77CA-65F4DB436A2F}.Release|Any CPU.ActiveCfg = Release|Any CPU
		{B7DC01D2-AF77-38C5-77CA-65F4DB436A2F}.Release|Any CPU.Build.0 = Release|Any CPU
		{55DABE7F-4DBE-E5E1-2426-B01E843C25E8}.Debug|Any CPU.ActiveCfg = Debug|Any CPU
		{55DABE7F-4DBE-E5E1-2426-B01E843C25E8}.Debug|Any CPU.Build.0 = Debug|Any CPU
		{55DABE7F-4DBE-E5E1-2426-B01E843C25E8}.Release|Any CPU.ActiveCfg = Release|Any CPU
		{55DABE7F-4DBE-E5E1-2426-B01E843C25E8}.Release|Any CPU.Build.0 = Release|Any CPU
		{BD4B0F66-B565-3529-6BEA-DB847926986F}.Debug|Any CPU.ActiveCfg = Debug|Any CPU
		{BD4B0F66-B565-3529-6BEA-DB847926986F}.Debug|Any CPU.Build.0 = Debug|Any CPU
		{BD4B0F66-B565-3529-6BEA-DB847926986F}.Release|Any CPU.ActiveCfg = Release|Any CPU
		{BD4B0F66-B565-3529-6BEA-DB847926986F}.Release|Any CPU.Build.0 = Release|Any CPU
		{90116958-DDD8-B03F-48D1-886FBDD2705D}.Debug|Any CPU.ActiveCfg = Debug|Any CPU
		{90116958-DDD8-B03F-48D1-886FBDD2705D}.Debug|Any CPU.Build.0 = Debug|Any CPU
		{90116958-DDD8-B03F-48D1-886FBDD2705D}.Release|Any CPU.ActiveCfg = Release|Any CPU
		{90116958-DDD8-B03F-48D1-886FBDD2705D}.Release|Any CPU.Build.0 = Release|Any CPU
		{90116958-DDD8-B03F-48D1-886FBDD2705D}.Debug|Any CPU.ActiveCfg = Debug|Any CPU
		{90116958-DDD8-B03F-48D1-886FBDD2705D}.Debug|Any CPU.Build.0 = Debug|Any CPU
		{90116958-DDD8-B03F-48D1-886FBDD2705D}.Release|Any CPU.ActiveCfg = Release|Any CPU
		{90116958-DDD8-B03F-48D1-886FBDD2705D}.Release|Any CPU.Build.0 = Release|Any CPU
	EndGlobalSection
	GlobalSection(SolutionProperties) = preSolution
		HideSolutionNode = FALSE
	EndGlobalSection
EndGlobal
